// !$*UTF8*$!
{
	archiveVersion = 1;
	classes = {
	};
	objectVersion = 56;
	objects = {

/* Begin PBXBuildFile section */
		4A4D881E2C03DAFD00BB2618 /* ContentView.swift in Sources */ = {isa = PBXBuildFile; fileRef = 4A4D881D2C03DAFD00BB2618 /* ContentView.swift */; };
		4A4D88212C03DB3300BB2618 /* TadBar.swift in Sources */ = {isa = PBXBuildFile; fileRef = 4A4D88202C03DB3300BB2618 /* TadBar.swift */; };
		4A4D88232C03DBD100BB2618 /* FruitInfo.swift in Sources */ = {isa = PBXBuildFile; fileRef = 4A4D88222C03DBD100BB2618 /* FruitInfo.swift */; };
		4A4D88262C03DC1200BB2618 /* FruitList.swift in Sources */ = {isa = PBXBuildFile; fileRef = 4A4D88252C03DC1200BB2618 /* FruitList.swift */; };
		4A4D88292C03DC9200BB2618 /* ShoppingList.swift in Sources */ = {isa = PBXBuildFile; fileRef = 4A4D88282C03DC9200BB2618 /* ShoppingList.swift */; };
		4A4D882B2C03E02F00BB2618 /* ShoppingListModel.swift in Sources */ = {isa = PBXBuildFile; fileRef = 4A4D882A2C03E02F00BB2618 /* ShoppingListModel.swift */; };
		4A4D882D2C03E04500BB2618 /* FruitModel.swift in Sources */ = {isa = PBXBuildFile; fileRef = 4A4D882C2C03E04500BB2618 /* FruitModel.swift */; };
		4AA70DF12BFE455900708970 /* FruitXpert2App.swift in Sources */ = {isa = PBXBuildFile; fileRef = 4AA70DF02BFE455900708970 /* FruitXpert2App.swift */; };
		4AA70DF52BFE455B00708970 /* Assets.xcassets in Resources */ = {isa = PBXBuildFile; fileRef = 4AA70DF42BFE455B00708970 /* Assets.xcassets */; };
		4AA70DF82BFE455B00708970 /* Preview Assets.xcassets in Resources */ = {isa = PBXBuildFile; fileRef = 4AA70DF72BFE455B00708970 /* Preview Assets.xcassets */; };
		4AA70DFF2BFE479200708970 /* FruitMLView.swift in Sources */ = {isa = PBXBuildFile; fileRef = 4AA70DFE2BFE479200708970 /* FruitMLView.swift */; };
		4AA70E022BFE4A3100708970 /* ImageClassifier.swift in Sources */ = {isa = PBXBuildFile; fileRef = 4AA70E012BFE4A3100708970 /* ImageClassifier.swift */; };
		4AA70E042BFE4A6C00708970 /* Classifier.swift in Sources */ = {isa = PBXBuildFile; fileRef = 4AA70E032BFE4A6C00708970 /* Classifier.swift */; };
		4AA70E062BFE4AC900708970 /* FruitXpert.mlmodel in Sources */ = {isa = PBXBuildFile; fileRef = 4AA70E052BFE4AC900708970 /* FruitXpert.mlmodel */; };
		4AA70E082BFE4AF600708970 /* ImagePicker.swift in Sources */ = {isa = PBXBuildFile; fileRef = 4AA70E072BFE4AF600708970 /* ImagePicker.swift */; };
/* End PBXBuildFile section */

/* Begin PBXFileReference section */
		4A4D881D2C03DAFD00BB2618 /* ContentView.swift */ = {isa = PBXFileReference; lastKnownFileType = sourcecode.swift; path = ContentView.swift; sourceTree = "<group>"; };
		4A4D88202C03DB3300BB2618 /* TadBar.swift */ = {isa = PBXFileReference; lastKnownFileType = sourcecode.swift; path = TadBar.swift; sourceTree = "<group>"; };
		4A4D88222C03DBD100BB2618 /* FruitInfo.swift */ = {isa = PBXFileReference; lastKnownFileType = sourcecode.swift; path = FruitInfo.swift; sourceTree = "<group>"; };
		4A4D88252C03DC1200BB2618 /* FruitList.swift */ = {isa = PBXFileReference; lastKnownFileType = sourcecode.swift; path = FruitList.swift; sourceTree = "<group>"; };
		4A4D88282C03DC9200BB2618 /* ShoppingList.swift */ = {isa = PBXFileReference; lastKnownFileType = sourcecode.swift; path = ShoppingList.swift; sourceTree = "<group>"; };
		4A4D882A2C03E02F00BB2618 /* ShoppingListModel.swift */ = {isa = PBXFileReference; lastKnownFileType = sourcecode.swift; path = ShoppingListModel.swift; sourceTree = "<group>"; };
		4A4D882C2C03E04500BB2618 /* FruitModel.swift */ = {isa = PBXFileReference; lastKnownFileType = sourcecode.swift; path = FruitModel.swift; sourceTree = "<group>"; };
		4AA70DED2BFE455900708970 /* FruitXpert2.app */ = {isa = PBXFileReference; explicitFileType = wrapper.application; includeInIndex = 0; path = FruitXpert2.app; sourceTree = BUILT_PRODUCTS_DIR; };
		4AA70DF02BFE455900708970 /* FruitXpert2App.swift */ = {isa = PBXFileReference; lastKnownFileType = sourcecode.swift; path = FruitXpert2App.swift; sourceTree = "<group>"; };
		4AA70DF42BFE455B00708970 /* Assets.xcassets */ = {isa = PBXFileReference; lastKnownFileType = folder.assetcatalog; path = Assets.xcassets; sourceTree = "<group>"; };
		4AA70DF72BFE455B00708970 /* Preview Assets.xcassets */ = {isa = PBXFileReference; lastKnownFileType = folder.assetcatalog; path = "Preview Assets.xcassets"; sourceTree = "<group>"; };
		4AA70DFE2BFE479200708970 /* FruitMLView.swift */ = {isa = PBXFileReference; lastKnownFileType = sourcecode.swift; path = FruitMLView.swift; sourceTree = "<group>"; };
		4AA70E012BFE4A3100708970 /* ImageClassifier.swift */ = {isa = PBXFileReference; lastKnownFileType = sourcecode.swift; path = ImageClassifier.swift; sourceTree = "<group>"; };
		4AA70E032BFE4A6C00708970 /* Classifier.swift */ = {isa = PBXFileReference; lastKnownFileType = sourcecode.swift; path = Classifier.swift; sourceTree = "<group>"; };
		4AA70E052BFE4AC900708970 /* FruitXpert.mlmodel */ = {isa = PBXFileReference; lastKnownFileType = file.mlmodel; path = FruitXpert.mlmodel; sourceTree = SOURCE_ROOT; };
		4AA70E072BFE4AF600708970 /* ImagePicker.swift */ = {isa = PBXFileReference; lastKnownFileType = sourcecode.swift; path = ImagePicker.swift; sourceTree = "<group>"; };
/* End PBXFileReference section */

/* Begin PBXFrameworksBuildPhase section */
		4AA70DEA2BFE455900708970 /* Frameworks */ = {
			isa = PBXFrameworksBuildPhase;
			buildActionMask = 2147483647;
			files = (
			);
			runOnlyForDeploymentPostprocessing = 0;
		};
/* End PBXFrameworksBuildPhase section */

/* Begin PBXGroup section */
		4A4D881F2C03DB0700BB2618 /* Model */ = {
			isa = PBXGroup;
			children = (
				4A4D882A2C03E02F00BB2618 /* ShoppingListModel.swift */,
				4A4D882C2C03E04500BB2618 /* FruitModel.swift */,
			);
			path = Model;
			sourceTree = "<group>";
		};
		4A4D88242C03DBE200BB2618 /* Fruit */ = {
			isa = PBXGroup;
			children = (
				4A4D88222C03DBD100BB2618 /* FruitInfo.swift */,
				4A4D88252C03DC1200BB2618 /* FruitList.swift */,
			);
			path = Fruit;
			sourceTree = "<group>";
		};
		4A4D88272C03DC6A00BB2618 /* ShoppingList */ = {
			isa = PBXGroup;
			children = (
				4A4D88282C03DC9200BB2618 /* ShoppingList.swift */,
			);
			path = ShoppingList;
			sourceTree = "<group>";
		};
		4AA70DE42BFE455900708970 = {
			isa = PBXGroup;
			children = (
				4AA70DEF2BFE455900708970 /* FruitXpert2 */,
				4AA70DEE2BFE455900708970 /* Products */,
			);
			sourceTree = "<group>";
		};
		4AA70DEE2BFE455900708970 /* Products */ = {
			isa = PBXGroup;
			children = (
				4AA70DED2BFE455900708970 /* FruitXpert2.app */,
			);
			name = Products;
			sourceTree = "<group>";
		};
		4AA70DEF2BFE455900708970 /* FruitXpert2 */ = {
			isa = PBXGroup;
			children = (
				4AA70E052BFE4AC900708970 /* FruitXpert.mlmodel */,
				4AA70DF02BFE455900708970 /* FruitXpert2App.swift */,
				4AA70DF42BFE455B00708970 /* Assets.xcassets */,
				4A4D881F2C03DB0700BB2618 /* Model */,
				4A4D881D2C03DAFD00BB2618 /* ContentView.swift */,
				4A4D88202C03DB3300BB2618 /* TadBar.swift */,
				4AA70E002BFE482800708970 /* FruitML */,
				4A4D88242C03DBE200BB2618 /* Fruit */,
				4A4D88272C03DC6A00BB2618 /* ShoppingList */,
				4AA70DF62BFE455B00708970 /* Preview Content */,
			);
			path = FruitXpert2;
			sourceTree = "<group>";
		};
		4AA70DF62BFE455B00708970 /* Preview Content */ = {
			isa = PBXGroup;
			children = (
				4AA70DF72BFE455B00708970 /* Preview Assets.xcassets */,
			);
			path = "Preview Content";
			sourceTree = "<group>";
		};
		4AA70E002BFE482800708970 /* FruitML */ = {
			isa = PBXGroup;
			children = (
				4AA70DFE2BFE479200708970 /* FruitMLView.swift */,
				4AA70E012BFE4A3100708970 /* ImageClassifier.swift */,
				4AA70E032BFE4A6C00708970 /* Classifier.swift */,
				4AA70E072BFE4AF600708970 /* ImagePicker.swift */,
			);
			path = FruitML;
			sourceTree = "<group>";
		};
/* End PBXGroup section */

/* Begin PBXNativeTarget section */
		4AA70DEC2BFE455900708970 /* FruitXpert2 */ = {
			isa = PBXNativeTarget;
			buildConfigurationList = 4AA70DFB2BFE455B00708970 /* Build configuration list for PBXNativeTarget "FruitXpert2" */;
			buildPhases = (
				4AA70DE92BFE455900708970 /* Sources */,
				4AA70DEA2BFE455900708970 /* Frameworks */,
				4AA70DEB2BFE455900708970 /* Resources */,
			);
			buildRules = (
			);
			dependencies = (
			);
			name = FruitXpert2;
			productName = FruitXpert2;
			productReference = 4AA70DED2BFE455900708970 /* FruitXpert2.app */;
			productType = "com.apple.product-type.application";
		};
/* End PBXNativeTarget section */

/* Begin PBXProject section */
		4AA70DE52BFE455900708970 /* Project object */ = {
			isa = PBXProject;
			attributes = {
				BuildIndependentTargetsInParallel = 1;
				LastSwiftUpdateCheck = 1530;
				LastUpgradeCheck = 1530;
				TargetAttributes = {
					4AA70DEC2BFE455900708970 = {
						CreatedOnToolsVersion = 15.3;
					};
				};
			};
			buildConfigurationList = 4AA70DE82BFE455900708970 /* Build configuration list for PBXProject "FruitXpert2" */;
			compatibilityVersion = "Xcode 14.0";
			developmentRegion = en;
			hasScannedForEncodings = 0;
			knownRegions = (
				en,
				Base,
			);
			mainGroup = 4AA70DE42BFE455900708970;
			productRefGroup = 4AA70DEE2BFE455900708970 /* Products */;
			projectDirPath = "";
			projectRoot = "";
			targets = (
				4AA70DEC2BFE455900708970 /* FruitXpert2 */,
			);
		};
/* End PBXProject section */

/* Begin PBXResourcesBuildPhase section */
		4AA70DEB2BFE455900708970 /* Resources */ = {
			isa = PBXResourcesBuildPhase;
			buildActionMask = 2147483647;
			files = (
				4AA70DF82BFE455B00708970 /* Preview Assets.xcassets in Resources */,
				4AA70DF52BFE455B00708970 /* Assets.xcassets in Resources */,
			);
			runOnlyForDeploymentPostprocessing = 0;
		};
/* End PBXResourcesBuildPhase section */

/* Begin PBXSourcesBuildPhase section */
		4AA70DE92BFE455900708970 /* Sources */ = {
			isa = PBXSourcesBuildPhase;
			buildActionMask = 2147483647;
			files = (
				4A4D88232C03DBD100BB2618 /* FruitInfo.swift in Sources */,
				4AA70E042BFE4A6C00708970 /* Classifier.swift in Sources */,
				4AA70E022BFE4A3100708970 /* ImageClassifier.swift in Sources */,
				4A4D882B2C03E02F00BB2618 /* ShoppingListModel.swift in Sources */,
				4A4D88292C03DC9200BB2618 /* ShoppingList.swift in Sources */,
				4A4D881E2C03DAFD00BB2618 /* ContentView.swift in Sources */,
				4AA70E082BFE4AF600708970 /* ImagePicker.swift in Sources */,
				4AA70E062BFE4AC900708970 /* FruitXpert.mlmodel in Sources */,
				4A4D88262C03DC1200BB2618 /* FruitList.swift in Sources */,
				4A4D882D2C03E04500BB2618 /* FruitModel.swift in Sources */,
				4A4D88212C03DB3300BB2618 /* TadBar.swift in Sources */,
				4AA70DF12BFE455900708970 /* FruitXpert2App.swift in Sources */,
				4AA70DFF2BFE479200708970 /* FruitMLView.swift in Sources */,
			);
			runOnlyForDeploymentPostprocessing = 0;
		};
/* End PBXSourcesBuildPhase section */

/* Begin XCBuildConfiguration section */
		4AA70DF92BFE455B00708970 /* Debug */ = {
			isa = XCBuildConfiguration;
			buildSettings = {
				ALWAYS_SEARCH_USER_PATHS = NO;
				ASSETCATALOG_COMPILER_GENERATE_SWIFT_ASSET_SYMBOL_EXTENSIONS = YES;
				CLANG_ANALYZER_NONNULL = YES;
				CLANG_ANALYZER_NUMBER_OBJECT_CONVERSION = YES_AGGRESSIVE;
				CLANG_CXX_LANGUAGE_STANDARD = "gnu++20";
				CLANG_ENABLE_MODULES = YES;
				CLANG_ENABLE_OBJC_ARC = YES;
				CLANG_ENABLE_OBJC_WEAK = YES;
				CLANG_WARN_BLOCK_CAPTURE_AUTORELEASING = YES;
				CLANG_WARN_BOOL_CONVERSION = YES;
				CLANG_WARN_COMMA = YES;
				CLANG_WARN_CONSTANT_CONVERSION = YES;
				CLANG_WARN_DEPRECATED_OBJC_IMPLEMENTATIONS = YES;
				CLANG_WARN_DIRECT_OBJC_ISA_USAGE = YES_ERROR;
				CLANG_WARN_DOCUMENTATION_COMMENTS = YES;
				CLANG_WARN_EMPTY_BODY = YES;
				CLANG_WARN_ENUM_CONVERSION = YES;
				CLANG_WARN_INFINITE_RECURSION = YES;
				CLANG_WARN_INT_CONVERSION = YES;
				CLANG_WARN_NON_LITERAL_NULL_CONVERSION = YES;
				CLANG_WARN_OBJC_IMPLICIT_RETAIN_SELF = YES;
				CLANG_WARN_OBJC_LITERAL_CONVERSION = YES;
				CLANG_WARN_OBJC_ROOT_CLASS = YES_ERROR;
				CLANG_WARN_QUOTED_INCLUDE_IN_FRAMEWORK_HEADER = YES;
				CLANG_WARN_RANGE_LOOP_ANALYSIS = YES;
				CLANG_WARN_STRICT_PROTOTYPES = YES;
				CLANG_WARN_SUSPICIOUS_MOVE = YES;
				CLANG_WARN_UNGUARDED_AVAILABILITY = YES_AGGRESSIVE;
				CLANG_WARN_UNREACHABLE_CODE = YES;
				CLANG_WARN__DUPLICATE_METHOD_MATCH = YES;
				COPY_PHASE_STRIP = NO;
				DEBUG_INFORMATION_FORMAT = dwarf;
				ENABLE_STRICT_OBJC_MSGSEND = YES;
				ENABLE_TESTABILITY = YES;
				ENABLE_USER_SCRIPT_SANDBOXING = YES;
				GCC_C_LANGUAGE_STANDARD = gnu17;
				GCC_DYNAMIC_NO_PIC = NO;
				GCC_NO_COMMON_BLOCKS = YES;
				GCC_OPTIMIZATION_LEVEL = 0;
				GCC_PREPROCESSOR_DEFINITIONS = (
					"DEBUG=1",
					"$(inherited)",
				);
				GCC_WARN_64_TO_32_BIT_CONVERSION = YES;
				GCC_WARN_ABOUT_RETURN_TYPE = YES_ERROR;
				GCC_WARN_UNDECLARED_SELECTOR = YES;
				GCC_WARN_UNINITIALIZED_AUTOS = YES_AGGRESSIVE;
				GCC_WARN_UNUSED_FUNCTION = YES;
				GCC_WARN_UNUSED_VARIABLE = YES;
				IPHONEOS_DEPLOYMENT_TARGET = 17.4;
				LOCALIZATION_PREFERS_STRING_CATALOGS = YES;
				MTL_ENABLE_DEBUG_INFO = INCLUDE_SOURCE;
				MTL_FAST_MATH = YES;
				ONLY_ACTIVE_ARCH = YES;
				SDKROOT = iphoneos;
				SWIFT_ACTIVE_COMPILATION_CONDITIONS = "DEBUG $(inherited)";
				SWIFT_OPTIMIZATION_LEVEL = "-Onone";
			};
			name = Debug;
		};
		4AA70DFA2BFE455B00708970 /* Release */ = {
			isa = XCBuildConfiguration;
			buildSettings = {
				ALWAYS_SEARCH_USER_PATHS = NO;
				ASSETCATALOG_COMPILER_GENERATE_SWIFT_ASSET_SYMBOL_EXTENSIONS = YES;
				CLANG_ANALYZER_NONNULL = YES;
				CLANG_ANALYZER_NUMBER_OBJECT_CONVERSION = YES_AGGRESSIVE;
				CLANG_CXX_LANGUAGE_STANDARD = "gnu++20";
				CLANG_ENABLE_MODULES = YES;
				CLANG_ENABLE_OBJC_ARC = YES;
				CLANG_ENABLE_OBJC_WEAK = YES;
				CLANG_WARN_BLOCK_CAPTURE_AUTORELEASING = YES;
				CLANG_WARN_BOOL_CONVERSION = YES;
				CLANG_WARN_COMMA = YES;
				CLANG_WARN_CONSTANT_CONVERSION = YES;
				CLANG_WARN_DEPRECATED_OBJC_IMPLEMENTATIONS = YES;
				CLANG_WARN_DIRECT_OBJC_ISA_USAGE = YES_ERROR;
				CLANG_WARN_DOCUMENTATION_COMMENTS = YES;
				CLANG_WARN_EMPTY_BODY = YES;
				CLANG_WARN_ENUM_CONVERSION = YES;
				CLANG_WARN_INFINITE_RECURSION = YES;
				CLANG_WARN_INT_CONVERSION = YES;
				CLANG_WARN_NON_LITERAL_NULL_CONVERSION = YES;
				CLANG_WARN_OBJC_IMPLICIT_RETAIN_SELF = YES;
				CLANG_WARN_OBJC_LITERAL_CONVERSION = YES;
				CLANG_WARN_OBJC_ROOT_CLASS = YES_ERROR;
				CLANG_WARN_QUOTED_INCLUDE_IN_FRAMEWORK_HEADER = YES;
				CLANG_WARN_RANGE_LOOP_ANALYSIS = YES;
				CLANG_WARN_STRICT_PROTOTYPES = YES;
				CLANG_WARN_SUSPICIOUS_MOVE = YES;
				CLANG_WARN_UNGUARDED_AVAILABILITY = YES_AGGRESSIVE;
				CLANG_WARN_UNREACHABLE_CODE = YES;
				CLANG_WARN__DUPLICATE_METHOD_MATCH = YES;
				COPY_PHASE_STRIP = NO;
				DEBUG_INFORMATION_FORMAT = "dwarf-with-dsym";
				ENABLE_NS_ASSERTIONS = NO;
				ENABLE_STRICT_OBJC_MSGSEND = YES;
				ENABLE_USER_SCRIPT_SANDBOXING = YES;
				GCC_C_LANGUAGE_STANDARD = gnu17;
				GCC_NO_COMMON_BLOCKS = YES;
				GCC_WARN_64_TO_32_BIT_CONVERSION = YES;
				GCC_WARN_ABOUT_RETURN_TYPE = YES_ERROR;
				GCC_WARN_UNDECLARED_SELECTOR = YES;
				GCC_WARN_UNINITIALIZED_AUTOS = YES_AGGRESSIVE;
				GCC_WARN_UNUSED_FUNCTION = YES;
				GCC_WARN_UNUSED_VARIABLE = YES;
				IPHONEOS_DEPLOYMENT_TARGET = 17.4;
				LOCALIZATION_PREFERS_STRING_CATALOGS = YES;
				MTL_ENABLE_DEBUG_INFO = NO;
				MTL_FAST_MATH = YES;
				SDKROOT = iphoneos;
				SWIFT_COMPILATION_MODE = wholemodule;
				VALIDATE_PRODUCT = YES;
			};
			name = Release;
		};
		4AA70DFC2BFE455B00708970 /* Debug */ = {
			isa = XCBuildConfiguration;
			buildSettings = {
				ASSETCATALOG_COMPILER_APPICON_NAME = AppIcon;
				ASSETCATALOG_COMPILER_GLOBAL_ACCENT_COLOR_NAME = AccentColor;
				CODE_SIGN_STYLE = Automatic;
				CURRENT_PROJECT_VERSION = 1;
				DEVELOPMENT_ASSET_PATHS = "\"FruitXpert2/Preview Content\"";
				DEVELOPMENT_TEAM = H8NJQ3766Q;
				ENABLE_PREVIEWS = YES;
				GENERATE_INFOPLIST_FILE = YES;
				INFOPLIST_KEY_UIApplicationSceneManifest_Generation = YES;
				INFOPLIST_KEY_UIApplicationSupportsIndirectInputEvents = YES;
				INFOPLIST_KEY_UILaunchScreen_Generation = YES;
				INFOPLIST_KEY_UISupportedInterfaceOrientations_iPad = "UIInterfaceOrientationPortrait UIInterfaceOrientationPortraitUpsideDown UIInterfaceOrientationLandscapeLeft UIInterfaceOrientationLandscapeRight";
				INFOPLIST_KEY_UISupportedInterfaceOrientations_iPhone = "UIInterfaceOrientationPortrait UIInterfaceOrientationLandscapeLeft UIInterfaceOrientationLandscapeRight";
				LD_RUNPATH_SEARCH_PATHS = (
					"$(inherited)",
					"@executable_path/Frameworks",
				);
				MARKETING_VERSION = 1.0;
				PRODUCT_BUNDLE_IDENTIFIER = Fauzan.FruitXpert2;
				PRODUCT_NAME = "$(TARGET_NAME)";
				SWIFT_EMIT_LOC_STRINGS = YES;
				SWIFT_VERSION = 5.0;
				TARGETED_DEVICE_FAMILY = "1,2";
			};
			name = Debug;
		};
		4AA70DFD2BFE455B00708970 /* Release */ = {
			isa = XCBuildConfiguration;
			buildSettings = {
				ASSETCATALOG_COMPILER_APPICON_NAME = AppIcon;
				ASSETCATALOG_COMPILER_GLOBAL_ACCENT_COLOR_NAME = AccentColor;
				CODE_SIGN_STYLE = Automatic;
				CURRENT_PROJECT_VERSION = 1;
				DEVELOPMENT_ASSET_PATHS = "\"FruitXpert2/Preview Content\"";
				DEVELOPMENT_TEAM = H8NJQ3766Q;
				ENABLE_PREVIEWS = YES;
				GENERATE_INFOPLIST_FILE = YES;
				INFOPLIST_KEY_UIApplicationSceneManifest_Generation = YES;
				INFOPLIST_KEY_UIApplicationSupportsIndirectInputEvents = YES;
				INFOPLIST_KEY_UILaunchScreen_Generation = YES;
				INFOPLIST_KEY_UISupportedInterfaceOrientations_iPad = "UIInterfaceOrientationPortrait UIInterfaceOrientationPortraitUpsideDown UIInterfaceOrientationLandscapeLeft UIInterfaceOrientationLandscapeRight";
				INFOPLIST_KEY_UISupportedInterfaceOrientations_iPhone = "UIInterfaceOrientationPortrait UIInterfaceOrientationLandscapeLeft UIInterfaceOrientationLandscapeRight";
				LD_RUNPATH_SEARCH_PATHS = (
					"$(inherited)",
					"@executable_path/Frameworks",
				);
				MARKETING_VERSION = 1.0;
				PRODUCT_BUNDLE_IDENTIFIER = Fauzan.FruitXpert2;
				PRODUCT_NAME = "$(TARGET_NAME)";
				SWIFT_EMIT_LOC_STRINGS = YES;
				SWIFT_VERSION = 5.0;
				TARGETED_DEVICE_FAMILY = "1,2";
			};
			name = Release;
		};
/* End XCBuildConfiguration section */

/* Begin XCConfigurationList section */
		4AA70DE82BFE455900708970 /* Build configuration list for PBXProject "FruitXpert2" */ = {
			isa = XCConfigurationList;
			buildConfigurations = (
				4AA70DF92BFE455B00708970 /* Debug */,
				4AA70DFA2BFE455B00708970 /* Release */,
			);
			defaultConfigurationIsVisible = 0;
			defaultConfigurationName = Release;
		};
		4AA70DFB2BFE455B00708970 /* Build configuration list for PBXNativeTarget "FruitXpert2" */ = {
			isa = XCConfigurationList;
			buildConfigurations = (
				4AA70DFC2BFE455B00708970 /* Debug */,
				4AA70DFD2BFE455B00708970 /* Release */,
			);
			defaultConfigurationIsVisible = 0;
			defaultConfigurationName = Release;
		};
/* End XCConfigurationList section */
	};
	rootObject = 4AA70DE52BFE455900708970 /* Project object */;
}
